
Microsoft Visual Studio Solution File, Format Version 12.00
# Visual Studio Version 16
VisualStudioVersion = 16.0.29509.3
MinimumVisualStudioVersion = 10.0.40219.1
Project("{FAE04EC0-301F-11D3-BF4B-00C04F79EFBC}") = "RAR2GME", "RAR2GME\RAR2GME.csproj", "{8E305F90-05E4-4B7C-BABC-F87D81382A00}"
EndProject
Global
	GlobalSection(SolutionConfigurationPlatforms) = preSolution
		Debug|Any CPU = Debug|Any CPU
		Release|Any CPU = Release|Any CPU
	EndGlobalSection
	GlobalSection(ProjectConfigurationPlatforms) = postSolution
		{8E305F90-05E4-4B7C-BABC-F87D81382A00}.Debug|Any CPU.ActiveCfg = Debug|Any CPU
		{8E305F90-05E4-4B7C-BABC-F87D81382A00}.Debug|Any CPU.Build.0 = Debug|Any CPU
		{8E305F90-05E4-4B7C-BABC-F87D81382A00}.Release|Any CPU.ActiveCfg = Release|Any CPU
		{8E305F90-05E4-4B7C-BABC-F87D81382A00}.Release|Any CPU.Build.0 = Release|Any CPU
	EndGlobalSection
	GlobalSection(SolutionProperties) = preSolution
		HideSolutionNode = FALSE
	EndGlobalSection
	GlobalSection(ExtensibilityGlobals) = postSolution
		SolutionGuid = {F4806740-533A-44D0-A5DA-FD9E409A7E47}
	EndGlobalSection
EndGlobal
